schema: '2.0'
stages:
  ingest:
    cmd: python src/ingestion/ingest.py
    deps:
    - path: configs/params.yaml
      hash: md5
      md5: a0f2643d767358ef7be19fff36bfcd71
      size: 656
    - path: data/raw/kc_house_data.csv
      hash: md5
      md5: b162e10841eaa8ca9c63c8bf07748ffb
      size: 2536820
    - path: src/ingestion/ingest.py
      hash: md5
      md5: df8fbba6f48466a5e72e5327e65350c8
      size: 1798
  validate:
    cmd: python src/validation/validate.py
    deps:
    - path: data/raw/kc_house_data.csv
      hash: md5
      md5: b162e10841eaa8ca9c63c8bf07748ffb
      size: 2536820
    - path: src/ingestion/ingest.py
      hash: md5
      md5: df8fbba6f48466a5e72e5327e65350c8
      size: 1798
    - path: src/validation/validate.py
      hash: md5
      md5: 54c7173045b0786d5eb5105b7e345110
      size: 2212
  preprocess:
    cmd: python src/preprocessing/preprocess.py
    deps:
    - path: configs/params.yaml
      hash: md5
      md5: a0f2643d767358ef7be19fff36bfcd71
      size: 656
    - path: data/raw/kc_house_data.csv
      hash: md5
      md5: b162e10841eaa8ca9c63c8bf07748ffb
      size: 2536820
    - path: src/ingestion/ingest.py
      hash: md5
      md5: df8fbba6f48466a5e72e5327e65350c8
      size: 1798
    - path: src/preprocessing/preprocess.py
      hash: md5
      md5: f5189116d04132f82d6ddeb2911d2099
      size: 1731
    outs:
    - path: data/processed/processed.csv
      hash: md5
      md5: b1afbca71b713d8f16a9ce7a650d581d
      size: 2398217
    - path: models/label_encoder.pkl
      hash: md5
      md5: 5c0748e8f3dc61a6985e51bfb31159b4
      size: 803
    - path: models/scaler.pkl
      hash: md5
      md5: e2db7e0421cdc8704aa4a2fab3c79fde
      size: 691
  split:
    cmd: python src/split/split.py
    deps:
    - path: configs/params.yaml
      hash: md5
      md5: a0f2643d767358ef7be19fff36bfcd71
      size: 656
    - path: data/processed/processed.csv
      hash: md5
      md5: b1afbca71b713d8f16a9ce7a650d581d
      size: 2398217
    - path: src/split/split.py
      hash: md5
      md5: c3b02bed743df0f0bb4b8b88df5ca3ef
      size: 1140
    params:
      params.yaml:
        data.test_size: 0.2
        data.val_size: 0.1
    outs:
    - path: data/processed/test.csv
      hash: md5
      md5: 6e7f3c574484776e8893c88c859b2748
      size: 471364
    - path: data/processed/train.csv
      hash: md5
      md5: 8fbffb78ef98e9baf59aff8667ac0d02
      size: 1649672
    - path: data/processed/val.csv
      hash: md5
      md5: a82ced40dc837038eedde4eca06c12d3
      size: 235721
